
Microsoft Visual Studio Solution File, Format Version 12.00
# Visual Studio Version 17
VisualStudioVersion = 17.1.32421.90
MinimumVisualStudioVersion = 10.0.40219.1
Project("{FAE04EC0-301F-11D3-BF4B-00C04F79EFBC}") = "MSDIA140", "MSDIA140.csproj", "{77C04F47-6B9C-4845-B0CB-567938A67185}"
EndProject
Global
	GlobalSection(SolutionConfigurationPlatforms) = preSolution
		Debug|Any CPU = Debug|Any CPU
		Release|Any CPU = Release|Any CPU
	EndGlobalSection
	GlobalSection(ProjectConfigurationPlatforms) = postSolution
		{77C04F47-6B9C-4845-B0CB-567938A67185}.Debug|Any CPU.ActiveCfg = Debug|Any CPU
		{77C04F47-6B9C-4845-B0CB-567938A67185}.Debug|Any CPU.Build.0 = Debug|Any CPU
		{77C04F47-6B9C-4845-B0CB-567938A67185}.Release|Any CPU.ActiveCfg = Release|Any CPU
		{77C04F47-6B9C-4845-B0CB-567938A67185}.Release|Any CPU.Build.0 = Release|Any CPU
	EndGlobalSection
	GlobalSection(SolutionProperties) = preSolution
		HideSolutionNode = FALSE
	EndGlobalSection
	GlobalSection(ExtensibilityGlobals) = postSolution
		SolutionGuid = {517D007B-EB13-435D-A89D-607A2B5CE399}
	EndGlobalSection
EndGlobal
